
Microsoft Visual Studio Solution File, Format Version 12.00
# Visual Studio Version 16
VisualStudioVersion = 16.0.31613.86
MinimumVisualStudioVersion = 10.0.40219.1
Project("{FAE04EC0-301F-11D3-BF4B-00C04F79EFBC}") = "RGDialogsClientsApi", "RGDialogsClientsApi\RGDialogsClientsApi.csproj", "{45377C28-2B6B-4DF0-8200-60FC67FD7BC9}"
EndProject
Project("{FAE04EC0-301F-11D3-BF4B-00C04F79EFBC}") = "RGDialogsClientsApiTests", "RGDialogsClientsApiTests\RGDialogsClientsApiTests.csproj", "{6411C74B-7780-4D0D-BF99-2ACF38EE288E}"
EndProject
Global
	GlobalSection(SolutionConfigurationPlatforms) = preSolution
		Debug|Any CPU = Debug|Any CPU
		Release|Any CPU = Release|Any CPU
	EndGlobalSection
	GlobalSection(ProjectConfigurationPlatforms) = postSolution
		{45377C28-2B6B-4DF0-8200-60FC67FD7BC9}.Debug|Any CPU.ActiveCfg = Debug|Any CPU
		{45377C28-2B6B-4DF0-8200-60FC67FD7BC9}.Debug|Any CPU.Build.0 = Debug|Any CPU
		{45377C28-2B6B-4DF0-8200-60FC67FD7BC9}.Release|Any CPU.ActiveCfg = Release|Any CPU
		{45377C28-2B6B-4DF0-8200-60FC67FD7BC9}.Release|Any CPU.Build.0 = Release|Any CPU
		{6411C74B-7780-4D0D-BF99-2ACF38EE288E}.Debug|Any CPU.ActiveCfg = Debug|Any CPU
		{6411C74B-7780-4D0D-BF99-2ACF38EE288E}.Debug|Any CPU.Build.0 = Debug|Any CPU
		{6411C74B-7780-4D0D-BF99-2ACF38EE288E}.Release|Any CPU.ActiveCfg = Release|Any CPU
		{6411C74B-7780-4D0D-BF99-2ACF38EE288E}.Release|Any CPU.Build.0 = Release|Any CPU
	EndGlobalSection
	GlobalSection(SolutionProperties) = preSolution
		HideSolutionNode = FALSE
	EndGlobalSection
	GlobalSection(ExtensibilityGlobals) = postSolution
		SolutionGuid = {6A59F262-8507-49CE-8498-B677CB436ACA}
	EndGlobalSection
EndGlobal
